ewogICJuYW1lIjogImdlbWluaS1jbGktcHJvamVjdHMiLAogICJsb2NrZmlsZVZlcnNpb24iOiAzLAogICJyZXF1aXJlcyI6IHRydWUsCiAgInBhY2thZ2VzIjogewogICAgIiI6IHsKICAgICAgImRlcGVuZGVuY2llcyI6IHsKICAgICAgICAiZXhwcmVzcyI6ICJeNS4xLjAiCiAgICAgIH0KICAgIH0sCiAgICAibm9kZV9tb2R1bGVzL2FjY2VwdHMiOiB7CiAgICAgICJ2ZXJzaW9uIjogIjIuMC4wIiwKICAgICAgInJlc29sdmVkIjogImh0dHBzOi8vcmVnaXN0cnkubnBtanMub3JnL2FjY2VwdHMvLS9hY2NlcHRzLTIuMC4wLnRneiIsCiAgICAgICJpbnRlZ3JpdHkiOiAic2hhNTEyLTVjdmdDQ3RLd2ZnZG1WcVkxV0lpWEtjM1ExYmtScUdMaSsyVy82YW8rNlk3Z3UvUkN3UnVBaEdFemg1QjRLbHN6U3VUTGdaWXVxRnFvNWJJbWpOS25nPT0iLAogICAgICAibGljZW5zZSI6ICJNSVQiLAogICAgICAiZGVwZW5kZW5jaWVzIjogewogICAgICAgICJtaW1lLXR5cGVzIjogIjNeLjAuMCIsCiAgICAgICAgIm5lZ290aWF0b3IiOiAiXjEuMC4wIgogICAgICB9LAogICAgICAiZW5naW5lcyI6IHsKICAgICAgICAibm9kZSI6ICI+PSAwLjYiCiAgICAgIH0KICAgIH0sCiAgICAibm9kZV9tb2R1bGVzL2JvZHktcGFyc2VyIjogewogICAgICAidmVyc2lvbiI6ICIyLjIuMCIsCiAgICAgICJyZXNvbHZlZCI6ICJodHRwczovL3JlZ2lzdHJ5Lm5wbWpzLm9yZy9ib2R5LXBhcnNlci8tL2JvZHktcGFyc2VyLTIuMi4wLnRneiIsCiAgICAgICJpbnRlZ3JpdHkiOiAic2hhNTEyLTAycXZBYXh2OHRwN2ZCYS9tdzFnYTk4T0dtK2VDYnF6Sk9Lb1J0NzBzTG1mRUVpK2p5QllWVERHZkNML2swNi80RU1rL3owMWdDZTdIb0NIL2YyTFRnPT0iLAogICAgICAibGljZW5zZSI6ICJNSVQiLAogICAgICAiZGVwZW5kZW5jaWVzIjogewogICAgICAgICJieXRlcyI6ICJeMy4xLjIiLAogICAgICAgICJjb250ZW50LXR5cGUiOiAiXjEuMC41IiwKICAgICAgICAiZGVidWciOiAiXjQuNC4wIiwKICAgICAgICAiaHR0cC1lcnJvcnMiOiAiXjIuMC4wIiwKICAgICAgICAiaWNvbnYtbGl0ZSI6ICJeMC42LjMiLAogICAgICAgICJvbi1maW5pc2hlZCI6ICJeMi40LjEiLAogICAgICAgICJxcyI6ICJeNi4xNC4wIiwKICAgICAgICAicmF3LWJvZHkiOiAiXjMuMC4wIiwKICAgICAgICAidHlwZS1pcyI6ICJeMi4wLjAiCiAgICAgIH0sCiAgICAgICJlbmdpbmVzIjogewogICAgICAgICJub2RlIjogIj49MTgiCiAgICAgIH0KICAgIH0sCiAgICAibm9kZV9tb2R1bGVzL2J5dGVzIjogewogICAgICAidmVyc2lvbiI6ICIzLjEuMiIsCiAgICAgICJyZXNvbHZlZCI6ICJodHRwczovL3JlZ2lzdHJ5Lm5wbWpzLm9yZy9ieXRlcy8tL2J5dGVzLTMuMS4yLnRneiIsCiAgICAgICJpbnRlZ3JpdHkiOiAic2hhNTEyLS9OZjdUeXpUeDZTM3lSSk9iT0FWNzk1N3I4Y3IyK09qOEFDNWR0OHdTUDNCUUFlWDU4Tm9IeUNVOFM4emtOWFN0alRTaTZmek82RjBwQmRjWWJFZz09IiwKICAgICAgImxpY2Vuc2UiOiAiTUlUIiwKICAgICAgImVuZ2luZXMiOiB7CiAgICAgICAgIm5vZGUiOiAiPj0gMC44IgogICAgICB9CiAgICB9LAogICAgIm5vZGVfbW9kdWxlcy9jYWxsLWJpbmQtYXBwbHktaGVscGVycyI6IHsKICAgICAgInZlcnNpb24iOiAiMS4wLjIiLAogICAgICAicmVzb2x2ZWQiOiAiaHR0cHM6Ly9yZWdpc3RyeS5ucG1qcy5vcmcvY2FsbC1iaW5kLWFwcGx5LWhlbHBlcnMvLS9jYWxsLWJpbmQtYXBwbHktaGVscGVycy0xLjAuMi50Z3oiLAogICAgICAiaW50ZWdyaXR5IjogInNoYTUxMi1TcDFhYmxKMGl2RGtTempjYUpkeEV1bk41L1h2a3NGSjJzTUJGbXE2eDByeWhRVy8yYi9Ld0ZlMjFjTXBtSHRQT1NpalI4OTkvd1Nmb0V1VE9ibXVNUT09IiwKICAgICAgImxpY2Vuc2UiOiAiTUlUIiwKICAgICAgImRlcGVuZGVuY2llcyI6IHsKICAgICAgICAiZXMtZXJyb3JzIjogIl4xLjMuMCIsCiAgICAgICAgImZ1bmN0aW9uLWJpbmQiOiAiXjEuMS4yIgogICAgICB9LAogICAgICAiZW5naW5lcyI6IHsKICAgICAgICAibm9kZSI6ICI+PSAwLjQiCiAgICAgIH0KICAgIH0sCiAgICAibm9kZV9tb2R1bGVzL2NhbGwtYm91bmQiOiB7CiAgICAgICJ2ZXJzaW9uIjogIjEuMC40IiwKICAgICAgInJlc29sdmVkIjogImh0dHBzOi8vcmVnaXN0cnkubnBtanMub3JnL2NhbGwtYm91bmQvLS9jYWxsLWJvdW5kLTEuMC40LnRneiIsCiAgICAgICJpbnRlZ3JpdHkiOiAic2hhNTEyLSrzeXM5OTdVOTZwbzRLeC9BQnBCQ2FoQTlFdXhKYVFXRFFnNzI5NUg0aEJwaHYzSVpnMGJvQkt1d1lwdDRZWHI2TVo1QW1aUW5VL3R5TVRsUnBhU2VqZz09IiwKICAgICAgImxpY2Vuc2UiOiAiTUlUIiwKICAgICAgImRlcGVuZGVuY2llcyI6IHsKICAgICAgICAiY2FsbC1iaW5kLWFwcGx5LWhlbHBlcnMiOiAiXjEuMC4yIiwKICAgICAgICAiZ2V0LWludHJpbnNpYyI6ICJeMS4zLjAiCiAgICAgIH0sCiAgICAgICJlbmdpbmVzIjogewogICAgICAgICJub2RlIjogIj49IDAuNCIKICAgICAgfSwKICAgICAgImZ1bmRpbmciOiB7CiAgICAgICAgInVybCI6ICJodHRwczovL2dpdGh1Yi5jb20vc3BvbnNvcnMvbGpoYXJiIgogICAgICB9CiAgICB9LAogICAgIm5vZGVfbW9kdWxlcy9jb250ZW50LWRpc3Bvc2l0aW9uIjogewogICAgICAidmVyc2lvbiI6ICIxLjAuMCIsCiAgICAgICJyZXNvbHZlZCI6ICJodHRwczovL3JlZ2lzdHJ5Lm5wbWpzLm9yZy9jb250ZW50LWRpc3Bvc2l0aW9uLy0vY29udGVudC1kaXNwb3NpdGlvbi0xLjAuMC50Z3oiLAogICAgICAiaW50ZWdyaXR5IjogInNoYTUxMi1BdTluUkw4Vk5VdXQvWFN6YlFBMzgrTTc4ZHpQNEQrZXFnM2dmSkhNSUhIWWEzYmcwNjd4ajFLeE1VV2orVlVMYmlaTW93S25nRkZiS2N6VXJOSjFtZz09IiwKICAgICAgImxpY2Vuc2UiOiAiTUlUIiwKICAgICAgImRlcGVuZGVuY2llcyI6IHsKICAgICAgICAic2FmZS1idWZmZXIiOiAiNS4yLjEiCiAgICAgIH0sCiAgICAgICJlbmdpbmVzIjogewogICAgICAgICJub2RlIjogIj49IDAuNiIKICAgICAgfQogICAgfSwKICAgICJub2RlX21vZHVsZXMvY29udGVudC10eXBlIjogewogICAgICAidmVyc2lvbiI6ICIxLjAuNSIsCiAgICAgICJyZXNvbHZlZCI6ICJodHRwczovL3JlZ2lzdHJ5Lm5wbWpzLm9yZy9jb250ZW50LXR5cGUvLS9jb250ZW50LXR5cGUtMS4wLjUudGd6IiwKICAgICAgImludGVncml0eSI6ICJzaGE1MTItblRqcWZjQkZFaXBLZFhDdjRZRFVXQ2ZtY0xaS204MWxkRjBwQW9wVHZ5ckZHVmJjUjZQL1ZBQWQ1RzdOKzB0VHI4UXFpVTBURmFkRDZGSzROdEp3T0E9PSIsCiAgICAgICJsaWNlbnNlIjogIk1JVCIsCiAgICAgICJlbmdpbmVzIjogewogICAgICAgICJub2RlIjogIj49IDAuNiIKICAgICAgfQogICAgfSwKICAgICJub2RlX21vZHVsZXMvY29va2llIjogewogICAgICAidmVyc2lvbiI6ICIwLjcuMiIsCiAgICAgICJyZXNvbHZlZCI6ICJodHRwczovL3JlZ2lzdHJ5Lm5wbWpzLm9yZy9jb29raWUvLS9jb29raWUtMC43LjIudGd6IiwKICAgICAgImludGVncml0eSI6ICJzaGE1MTIteWtpNVhuS3VmNzUwbDUwdUdUbGx0NmtLSUxZNG5RMWVOSVFhdG9YRUJ5WjVkV2duS3FibnFtVHJCRTVCNE43bHJNSktRMnl0V01pVE8ybzB2NkV3L3c9PSIsCiAgICAgICJsaWNlbnNlIjogIk1JVCIsCiAgICAgICJlbmdpbmVzIjogewogICAgICAgICJub2RlIjogIj49IDAuNiIKICAgICAgfQogICAgfSwKICAgICJub2RlX21vZHVsZXMvY29va2llLXNpZ25hdHVyZSI6IHsKICAgICAgInZlcnNpb24iOiAiMS4yLjIiLAogICAgICAicmVzb2x2ZWQiOiAiaHR0cHM6Ly9yZWdpc3RyeS5ucG1qcy5vcmcvY29va2llLXNpZ25hdHVyZS8tL2Nvb2tpZS1zaWduYXR1cmUtMS4yLjIudGd6IiwKICAgICAgImludGVncml0eSI6ICJzaGE1MTItRDc2dVU3M3VsU1hyRDFVVEY0S0UyVE14VlZ3aHNuQ2dmQXlUZzlrOVA2S0dabFhLck9MZTQkSlFJSUN4aTV3amVzWm9GWGpXRWxOV0JqUFpNYmhnPT0iLAogICAgICAibGljZW5zZSI6ICJNSVQiLAogICAgICAiZW5naW5lcyI6IHsKICAgICAgICAibm9kZSI6ICI+PTYuNi4wIgogICAgICB9CiAgICB9LAogICAgIm5vZGVfbW9kdWxlcy9kZWJ1ZyI6IHsKICAgICAgInZlcnNpb24iOiAiNC40LjMiLAogICAgICAicmVzb2x2ZWQiOiAiaHR0cHM6Ly9yZWdpc3RyeS5ucG1qcy5vcmcvZGVidWcvLS9kZWJ1Zy00LjQuMy50Z3oiLAogICAgICAiaW50ZWdyaXR5IjogInNoYTUxMi1SR3d3V253UXZrVmZhdktWdDIyRkdMdyt4WVNkekFSd20wcnU2RGhUVkEzdW1VcVo2Yzg4VjNrTzRzdGdZcnlyVGxMcHV2Z0k5R2lpamx0QWpOYmNxQT09IiwKICAgICAgImxpY2Vuc2UiOiAiTUlUIiwKICAgICAgImRlcGVuZGVuY2llcyI6IHsKICAgICAgICAibXMiOiAiXjIuMS4zIgogICAgICB9LAogICAgICAiZW5naW5lcyI6IHsKICAgICAgICAibm9kZSI6ICI+PTYuMCIKICAgICAgfSwKICAgICAgInBlZXJEZXBlbmRlbmNpZXNNZXRhIjogewogICAgICAgICJzdXBwb3J0cy1jb2xvciI6IHsKICAgICAgICAgICJvcHRpb25hbCI6IHRydWUKICAgICAgICB9CiAgICAgIH0KICAgIH0sCiAgICAibm9kZV9tb2R1bGVzL2RlcGQiOiB7CiAgICAgICJ2ZXJzaW9uIjogIjIuMC4wIiwKICAgICAgInJlc29sdmVkIjogImh0dHBzOi8vcmVnaXN0cnkubnBtanMub3JnL2RlcGQvLS9kZXBkLTIuMC4wLnRneiIsCiAgICAgICJpbnRlZ3JpdHkiOiAic2hhNTEyLWc3bkg2UDZkeURpb0pvZ0FBR3ByR3BDdFZJbUpocFBrL3JvQ3pkYjNmSWg2MS9zL25Qc2ZSNm9ueU13a0NBUi9PbEMzeUJDMGxFU3ZVb1FFQXNzSXJ3PT0iLAogICAgICAibGljZW5zZSI6ICJNSVQiLAogICAgICAiZW5naW5lcyI6IHsKICAgICAgICAibm9kZSI6ICI+PSAwLjgiCiAgICAgIH0KICAgIH0sCiAgICAibm9kZV9tb2R1bGVzL2R1bmRlci1wcm90byI6IHsKICAgICAgInZlcnNpb24iOiAiMS4wLjEiLAogICAgICAicmVzb2x2ZWQiOiAiaHR0cHM6Ly9yZWdpc3RyeS5ucG1qcy5vcmcvZHVuZGVyLXByb3RvLy0vZHVuZGVyLXByb3RvLTEuMC4xLnRneiIsCiAgICAgICJpbnRlZ3JpdHkiOiAic2hhNTEyLUtJTi9uREpCUVJjWHcwTUxWaFpFOXlRSG1HNjhxQVZJQmc5Q3FtVVlqbVFJaGdpajlVNU1GdnJxayVMNUZidHl6WnVPZU90MHpkZVI0VVc3Y3QrQT09IiwKICAgICAgImxpY2Vuc2UiOiAiTUlUIiwKICAgICAgImRlcGVuZGVuY2llcyI6IHsKICAgICAgICAiY2FsbC1iaW5kLWFwcGx5LWhlbHBlcnMiOiAiXjEuMC4xIiwKICAgICAgICAiZXMtZXJyb3JzIjogIl4xLjMuMCIsCiAgICAgICAgImdvcGQiOiAiXjEuMi4wIgogICAgICB9LAogICAgICAiZW5naW5lcyI6IHsKICAgICAgICAibm9kZSI6ICI+PSAwLjQiCiAgICAgIH0KICAgIH0sCiAgICAibm9kZV9tb2R1bGVzL2VlLWZpcnN0IjogewogICAgICAidmVyc2lvbiI6ICIxLjEuMSIsCiAgICAgICJyZXNvbHZlZCI6ICJodHRwczovL3JlZ2lzdHJ5Lm5wbWpzLm9yZy9lZS1maXJzdC8tL2VlLWZpcnN0LTEuMS4xLnRneiIsCiAgICAgICJpbnRlZ3JpdHkiOiAic2hhNTEyLVdNd205TGhSVW8rV1VhUk4rdlJ1RVRxRzg5SWdacGhWU05rZEZnZWI2cy9FNE9yRElON3Q0OENBZXdTSFhjNkM4bGVmRDhLS2ZyNXZZNjFiclFsb3c9PSIsCiAgICAgICJsaWNlbnNlIjogIk1JVCIsCiAgICAgICJkZXBlbmRlbmNpZXMiOiB7fQogICAgfSwKICAgICJub2RlX21vZHVsZXMvZW5jb2RldXJsIjogewogICAgICAidmVyc2lvbiI6ICIyLjAuMCIsCiAgICAgICJyZXNvbHZlZCI6ICJodHRwczovL3JlZ2lzdHJ5Lm5wbWpzLm9yZy9lbmNvZGV1cmwvLS9lbmNvZGV1cmwtMi4wLjAudGd6IiwKICAgICAgImludGVncml0eSI6ICJzaGE1MTItUTBuOUhSaTRtNkptR0lWMWVGbG12SkI3WkVWeHU5M0lyTXlpTXNHQzBsck1KV3pSZ3g2V0dxdXlmUWdaVmIzMXZoR2dYbmZtUE5OWG14bk9rUkJyZz09IiwKICAgICAgImxpY2Vuc2UiOiAiTUlUIiwKICAgICAgImVuZ2luZXMiOiB7CiAgICAgICAgIm5vZGUiOiAiPj0gMC44IgogICAgICB9CiAgICB9LAogICAgIm5vZGVfbW9kdWxlcy9lcy1kZWZpbmUtcHJvcGVydHkiOiB7CiAgICAgICJ2ZXJzaW9uIjogIjEuMC4xIiwKICAgICAgInJlc29sdmVkIjogImh0dHBzOi8vcmVnaXN0cnkubnBtanMub3JnL2VzLWRlZmluZS1wcm9wZXJ0eS8tL2VzLWRlZmluZS1wcm9wZXJ0eS0xLjAuMS50Z3oiLAogICAgICAiaW50ZWdyaXR5IjogInNoYTUxMi1lM25SZmdmVVo0ck5HTDIzMmdVZ1gwNlFOeWV6MDRLZGpGckYrTFRyT1hNck9nRktEZzRCQ2Rzanc4RW5UNjllcWRZR21ScEp3aVBWWU5yQ2FXM2c9PSIsCiAgICAgICJsaWNlbnNlIjogIk1JVCIsCiAgICAgICJlbmdpbmVzIjogewogICAgICAgICJub2RlIjogIj49IDAuNCIKICAgICAgfQogICAgfSwKICAgICJub2RlX21vZHVsZXMvZXMtZXJyb3JzIjogewogICAgICAidmVyc2lvbiI6ICIxLjMuMCIsCiAgICAgICJyZXNvbHZlZCI6ICJodHRwczovL3JlZ2lzdHJ5Lm5wbWpzLm9yZy9lcy1lcnJvcnMvLS9lcy1lcnJvcnMtMS4zLjAudGd6IiwKICAgICAgImludGVncml0eSI6ICJzaGE1MTItWmY1SDJLeHQyeGpUdGJKdlAyWldMRUlDeEE2aitoS21NeklseXB5NHhjQmcxdktWbng4OVd5MEdiUytrZjVjd0NWRkZ6ZENGaDJYU0NGTlVMUzZjc3c9PSIsCiAgICAgICJsaWNlbnNlIjogIk1JVCIsCiAgICAgICJlbmdpbmVzIjogewogICAgICAgICJub2RlIjogIj49IDAuNCIKICAgICAgfQogICAgfSwKICAgICJub2RlX21vZHVsZXMvZXMtobjectLWF0b21zIjogewogICAgICAidmVyc2lvbiI6ICIxLjEuMSIsCiAgICAgICJyZXNvbHZlZCI6ICJodHRwczovL3JlZ2lzdHJ5Lm5wbWpzLm9yZy9lcy1vYmplY3QtYXRvbXMvLS9lcy1vYmplY3QtYXRvbXMtMS4xLjEudGd6IiwKICAgICAgImludGVncml0eSI6ICJzaGE1MTItRkdnSDJoOHpLTmltOWxqN2RhbmtGUGNJQ0lLOUNwNWJtK2MyZ1FTSWVQaHBhRzUrZXNyTE9EaWhJb3JuK1BlNkZHSnpXaFhRb3RQdjczalRhbGRYQT09IiwKICAgICAgImxpY2Vuc2UiOiAiTUlUIiwKICAgICAgImRlcGVuZGVuY2llcyI6IHsKICAgICAgICAiZXMtZXJyb3JzIjogIl4xLjMuMCIKICAgICAgfSwKICAgICAgImVuZ2luZXMiOiB7CiAgICAgICAgIm5vZGUiOiAiPj0gMC40IgogICAgICB9CiAgICB9LAogICAgIm5vZGVfbW9kdWxlcy9lc2NhcGUtaHRtbCI6IHsKICAgICAgInZlcnNpb24iOiAiMS4wLjMiLAogICAgICAicmVzb2x2ZWQiOiAiaHR0cHM6Ly9yZWdpc3RyeS5ucG1qcy5vcmcvZXNjYXBlLWh0bWwvLS9lc2NhcGUtaHRtbC0xLjAuMy50Z3oiLAogICAgICAiaW50ZWdyaXR5IjogInNoYTUxMi1OaVN1cFo0T2V1R3dyNjhsR0lleW0va3NJWk1Kb2RVR09TQ1ovRlNuVHhjcmVrYnZxcmdkVXhsSk9NcGlqYUtadjFKUndyR3MvNkp5OE9NdXlqOW93PT0iLAogICAgICAibGljZW5zZSI6ICJNSVQiCiAgICB9LAogICAgIm5vZGVfbW9kdWxlcy9ldGFnIjogewogICAgICAidmVyc2lvbiI6ICIxLjguMSIsCiAgICAgICJyZXNvbHZlZCI6ICJodHRwczovL3JlZ2lzdHJ5Lm5wbWpzLm9yZy9ldGFnLy0vZXRhZy0xLjguMS50Z3oiLAogICAgICAiaW50ZWdyaXR5IjogInNoYTUxMi1hSUw1Rng3bWF3VmEzMDBhbDJCbkVFNGlOdm8xcUVUeExyUEkvbzA1TDc2Z283ZkN3MUo2RVFtYks0Rm1KMkFTN2tnVkYvS0VZV3VmQmZkQ2xNY1BnPT0iLAogICAgICAibGljZW5zZSI6ICJNSVQiLAogICAgICAiZW5naW5lcyI6IHsKICAgICAgICAibm9kZSI6ICI+PSAwLjYiCiAgICAgIH0KICAgIH0sCiAgICAibm9kZV9tb2R1bGVzL2V4cHJlc3MiOiB7CiAgICAgICJ2ZXJzaW9uIjogIjUuMS4wIiwKICAgICAgInJlc29sdmVkIjogImh0dHBzOi8vcmVnaXN0cnkubnBtanMub3JnL2V4cHJlc3MvLS9leHByZXNzLTUuMS4wLnRneiIsCiAgICAgICJpbnRlZ3JpdHkiOiAic2hhNTEyLURUOWNrNVlJUlUrOEdZeno1TVNUM2VIZ0E1aUwrMVpkMEV1dE9tVEU5RHRrK1R2dXpkMjNWQlUrZWM3SFBOU1R4WFlPNTVnUFZocTRwU0JKRGpGcEE9PSIsCiAgICAgICJsaWNlbnNlIjogIk1JVCIsCiAgICAgICJkZXBlbmRlbmNpZXMiOiB7CiAgICAgICAgImFjY2VwdHMiOiAiXjIuMC4wIiwKICAgICAgICAiYm9keS1wYXJzZXIiOiAiXjIuMi4wIiwKICAgICAgICAiY29udGVudC1kaXNwb3NpdGlvbiI6ICJeMS4wLjAiLAogICAgICAgICJjb250ZW50LXR5cGUiOiAiXjEuMC41IiwKICAgICAgICAiY29va2llIjogIl4wLjcuMSIsCiAgICAgICAgImNvb2tpZS1zaWduYXR1cmUiOiAiXjEuMi4xIiwKICAgICAgICAiZGVidWciOiAiXjQuNC4wIiwKICAgICAgICAiZW5jb2RldXJsIjogIl4yLjAuMCIsCiAgICAgICAgImVzY2FwZS1odG1sIjogIl4xLjAuMyIsCiAgICAgICAgImV0YWciOiAiXjEuOC4xIiwKICAgICAgICAiZmluYWxoYW5kbGVyIjogIl4yLjEuMCIsCiAgICAgICAgImZyZXNoIjogIl4yLjAuMCIsCiAgICAgICAgImh0dHAtZXJyb3JzIjogIl4yLjAuMCIsCiAgICAgICAgIm1lcmdlLWRlc2NyaXB0b3JzIjogIl4yLjAuMCIsCiAgICAgICAgIm1pbWUtdHlwZXMiOiAiXjMuMC4wIiwKICAgICAgICAib24tZmluishedCI6ICJeMi40LjEiLAogICAgICAgICJvbmNlIjogIl4xLjQuMCIsCiAgICAgICAgInBhcnNldXJsIjogIl4xLjMuMyIsCiAgICAgICAgInByb3h5LWFkZHIiOiAiXjIuMC43IiwKICAgICAgICAicXMiOiAiXjYuMTQuMCIsCiAgICAgICAgInJhbmdlLXBhcnNlciI6ICJeMS4yLjEiLAogICAgICAgICJyb3V0ZXIiOiAiXjIuMi4wIiwKICAgICAgICAic2VuZCI6ICJeMS4xLjAiLAogICAgICAgICJzZXJ2ZS1zdGF0aWMiOiAiXjIuMi4wIiwKICAgICAgICAic3RhdHVzZXMiOiAiXjIuMC4xIiwKICAgICAgICAidHlwZS1pcyI6ICJeMi4wLjEiLAogICAgICAgICJ2YXJ5IjogIl4xLjEuMiIKICAgICAgfSwKICAgICAgImVuZ2luZXMiOiB7CiAgICAgICAgIm5vZGUiOiAiPj0gMTgiCiAgICAgIH0sCiAgICAgICJmdW5kaW5nIjogewogICAgICAgICJ0eXBlIjogIm9wZW5jb2xsZWN0aXZlIiwKICAgICAgICAidXJsIjogImh0dHBzOi8vb3BlbmNvbGxlY3RpdmUuY29tL2V4cHJlc3MiCiAgICAgIH0KICAgIH0sCiAgICAibm9kZV9tb2R1bGVzL2ZpbmFsaGFuZGxlciI6IHsKICAgICAgInZlcnNpb24iOiAiMi4xLjAiLAogICAgICAicmVzb2x2ZWQiOiAiaHR0cHM6Ly9yZWdpc3RyeS5ucG1qcy5vcmcvZmluYWxoYW5kbGVyLy0vZmluYWxoYW5kbGVyLTIuMS4wLnRneiIsCiAgICAgICJpbnRlZ3JpdHkiOiAic2hhNTEyLS90ODhUeTNkNUpXUWJXWWdhT0dDQ1lmWFF3VisrYmUwMldxWVlsTDZoMGxFaVVBTVA4bzhxS0dPMFlJa09IemthMnVwMDh3dmdZRDdtRGdJK3EzUT09IiwKICAgICAgImxpY2Vuc2UiOiAiTUlUIiwKICAgICAgImRlcGVuZGVuY2llcyI6IHsKICAgICAgICAiZGVidWciOiAiXjQuNC4wIiwKICAgICAgICAiZW5jb2RldXJsIjogIl4yLjAuMCIsCiAgICAgICAgImVzY2FwZS1odG1sIjogIl4xLjAuMyIsCiAgICAgICAgIm9uLWZpbmlzaGVkIjogIl4yLjQuMSIsCiAgICAgICAgInBhcnNldXJsIjogIl4xLjMuMyIsCiAgICAgICAgInN0YXR1c2VzIjogIl4yLjAuMSIKICAgICAgfSwKICAgICAgImVuZ2luZXMiOiB7CiAgICAgICAgIm5vZGUiOiAiPj0gMC44IgogICAgICB9CiAgICB9LAogICAgIm5vZGVfbW9kdWxlcy9mb3J3YXJkZWQiOiB7CiAgICAgICJ2ZXJzaW9uIjogIjAuMi4wIiwKICAgICAgInJlc29sdmVkIjogImh0dHBzOi8vcmVnaXN0cnkubnBtanMub3JnL2ZvcndhcmRlZC8tL2ZvcndhcmRlZC0wLjIuMC50Z3oiLAogICAgICAiaW50ZWdyaXR5IjogInNoYTUxMi1idVJHMGRwQnRSSEFUQ09BU2U2aEQyNTh0RXViRm9STGI0Wk5BNk54TVZITncyZ09jd0hvOXd5YWJsek16T0E1ejl4QTlMMUtOamsvTnQ2TVQ5YVlvdwj0PSIsCiAgICAgICJsaWNlbnNlIjogIk1JVCIsCiAgICAgICJlbmdpbmVzIjogewogICAgICAgICJub2RlIjogIj49IDAuNiIKICAgICAgfQogICAgfSwKICAgICJub2RlX21vZHVsZXMvZnJlc2giOiB7CiAgICAgICJ2ZXJzaW9uIjogIjIuMC4wIiwKICAgICAgInJlc29sdmVkIjogImh0dHBzOi8vcmVnaXN0cnkubnBtanMub3JnL2ZyZXNoLy0vZnJlc2gtMi4wLjAudGd6IiwKICAgICAgImludGVncml0eSI6ICJzaGE1MTItUngvV3ljWjYwSE9hcUxLYWk2Y0hSS0tJNzN4V2JKMzFNbnRtdHdNb2FUZUY3WEZIOWhoQnA4dklUYU1pZGZsalJRNmVZV0NLa2FUSyt5a1ZKSFAyQT09IiwKICAgICAgImxpY2Vuc2UiOiAiTUlUIiwKICAgICAgImVuZ2luZXMiOiB7CiAgICAgICAgIm5vZGUiOiAiPj0gMC44IgogICAgICB9CiAgICB9LAogICAgIm5vZGVfbW9kdWxlcy9mdW5jdGlvbi1iaW5kIjogewogICAgICAidmVyc2lvbiI6ICIxLjEuMiIsCiAgICAgICJyZXNvbHZlZCI6ICJodHRwczovL3JlZ2lzdHJ5Lm5wbWpzLm9yZy9mdW5jdGlvbi1iaW5kLy0vZnVuY3Rpb24tYmluZC0xLjEuMi50Z3oiLAogICAgICAiaW50ZWdyaXR5IjogInNoYTUxMi03WEhOeEg3cVg5eEc1bUl3eGtodW1Ub3gvTUlSTmNPZ0RyeFdzTXQycEFyMjNXSHA2TXJSTG43RkJTRnBDcHIrb1ZPMEY3NDRpVWdSOjJuSk1mRzJTQT09IiwKICAgICAgImxpY2Vuc2UiOiAiTUlUIiwKICAgICAgImZ1bmRpbmciOiB7CiAgICAgICAgInVybCI6ICJodHRwczovL2dpdGh1Yi5jb20vc3BvbnNvcnMvbGpoYXJiIgogICAgICB9CiAgICB9LAogICAgIm5vZGVfbW9kdWxlcy9nZXQtaW50cmluc2ljIjogewogICAgICAidmVyc2lvbiI6ICIxLjMuMCIsCiAgICAgICJyZXNvbHZlZCI6ICJodHRwczovL3JlZ2lzdHJ5Lm5wbWpzLm9yZy9nZXQtaW50cmluc2ljLy0vZ2V0LWludHJpbnNpYy0xLjMuMC50Z3oiLAogICAgICAiaW50ZWdyaXR5IjogInNoYTUxMi05ZlNqU2Fvcy9mUklWSXAreFNKbEU2bGZ3aEVTN0xOdEthQ0JJYW1Ic2pyMm5hMWJpQUJKUG8wbU9qano4R0pEVVJhcm1DUEdxYWlWZzVtZmpiOThDUT09IiwKICAgICAgImxpY2Vuc2UiOiAiTUlUIiwKICAgICAgImRlcGVuZGVuY2llcyI6IHsKICAgICAgICAiY2FsbC1iaW5kLWFwcGx5LWhlbHBlcnMiOiAiXjEuMC4yIiwKICAgICAgICAiZXMtZGVmaW5lLXByb3BlcnR5IjogIl4xLjAuMSIsCiAgICAgICAgImVzLWVycm9ycyI6ICJeMS4zLjAiLAogICAgICAgICJlcy1vYmplY3QtYXRvbXMiOiAiXjEuMS4xIiwKICAgICAgICAiZnVuY3Rpb24tYmluZCI6ICJeMS4xLjIiLAogICAgICAgICJnZXQtcHJvdG8iOiAiXjEuMC4xIiwKICAgICAgICAiZ29wZCI6ICJeMS4yLjAiLAogICAgICAgICJoYXMtc3ltYm9scyI6ICJeMS4xLjAiLAogICAgICAgICJoYXNvd24iOiAiXjIuMC4yIiwKICAgICAgICAibWF0aC1pbnRyaW5zaWNzIjogIl4xLjEuMCIKICAgICAgfSwKICAgICAgImVuZ2luZXMiOiB7CiAgICAgICAgIm5vZGUiOiAiPj0gMC40IgogICAgICB9LAogICAgICAiZnVuZGluZyI6IHsKICAgICAgICAidXJsIjogImh0dHBzOi8vZ2l0aHViLmNvbS9zcG9uc29ycy9samhhcmIiCiAgICAgIH0KICAgIH0sCiAgICAibm9kZV9tb2R1bGVzL2dldC1wcm90byI6IHsKICAgICAgInZlcnNpb24iOiAiMS4wLjEiLAogICAgICAicmVzb2x2ZWQiOiAiaHR0cHM6Ly9yZWdpc3RyeS5ucG1qcy5vcmcvZ2V0LXByb3RvLy0vZ2V0LXByb3RvLTEuMC4xLnRneiIsCiAgICAgICJpbnRlZ3JpdHkiOiAic2hhNTEyLXNUU2ZCam9YQnA4OUp2SUtJZWZxdzdVMkNDZWJzYzc0a2lZNmF3aUdvZ0t0b1NHYmdqRUUvRy8rbDlzRjNNV0ZQTmM5SWNvT0M0REZLRnhGbXAwZz09IiwKICAgICAgImxpY2Vuc2UiOiAiTUlUIiwKICAgICAgImRlcGVuZGVuY2llcyI6IHsKICAgICAgICAiZHVuZGVyLXByb3RvIjogIl4xLjAuMSIsCiAgICAgICAgImVzLW9iamVjdC1hdG9tcyI6ICJeMS4wLjAiCiAgICAgIH0sCiAgICAgICJlbmdpbmVzIjogewogICAgICAgICJub2RlIjogIj49IDAuNCIKICAgICAgfQogICAgfSwKICAgICJub2RlX21vZHVsZXMvZ29wZCI6IHsKICAgICAgInZlcnNpb24iOiAiMS4yLjAiLAogICAgICAicmVzb2x2ZWQiOiAiaHR0cHM6Ly9yZWdpc3RyeS5ucG1qcy5vcmcvZ29wZC8tL2dvcGQtMS4yLjAudGd6IiwKICAgICAgImludGVncml0eSI6ICJzaGE1MTItWlVLUmg2L2tVRm9BaVRBdFRZUFpKMyh3OXdOeHgrQklCT2lqbkxHOVBuckpzQ2NTanMxd3l5RDZ2SnBhWXRnbnpEcktZUlNxZjNPTzZSZmE5M3hzUmj09IiwKICAgICAgImxpY2Vuc2UiOiAiTUlUIiwKICAgICAgImVuZ2luZXMiOiB7CiAgICAgICAgIm5vZGUiOiAiPj0gMC40IgogICAgICB9LAogICAgICAiZnVuZGluZyI6IHsKICAgICAgICAidXJsIjogImh0dHBzOi8vZ2l0aHViLmNvbS9zcG9uc29ycy9samhhcmIiCiAgICAgIH0KICAgIH0sCiAgICAibm9kZV9tb2R1bGVzL2hhcy1zeW1ib2xzIjogewogICAgICAidmVyc2lvbiI6ICIxLjEuMCIsCiAgICAgICJyZXNvbHZlZCI6ICJodHRwczovL3JlZ2lzdHJ5Lm5wbWpzLm9yZy9oYXMtc3ltYm9scy8tL2hhcy1zeW1ib2xzLTEuMS4wLnRneiIsCiAgICAgICJpbnRlZ3JpdHkiOiAic2hhNTEyLTFjRE5kd0oySmFvaG1iM3NnNE9tS2FNQnd1QzQ4c1luaTVIVXcyRHZzQzhMakdUTE85aCtlYjFYUnl1T0hlNGhUMFVMQ1c2OGlvbWhqVW9LVXFsUFE9PSIsCiAgICAgICJsaWNlbnNlIjogIk1JVCIsCiAgICAgICJlbmdpbmVzIjogewogICAgICAgICJub2RlIjogIj49IDAuNCIKICAgICAgfSwKICAgICAgImZ1bmRpbmciOiB7CiAgICAgICAgInVybCI6ICJodHRwczovL2dpdGh1Yi5jb20vc3BvbnNvcnMvbGpoYXJiIgogICAgICB9CiAgICB9LAogICAgIm5vZGVfbW9kdWxlcy9oYXNvd24iOiB7CiAgICAgICJ2ZXJzaW9uIjogIjIuMC4yIiwKICAgICAgInJlc29sdmVkIjogImh0dHBzOi8vcmVnaXN0cnkubnBtanMub3JnL2hhc293bi8tL2hhc293bi0yLjAuMi50Z3oiLAogICAgICAiaW50ZWdyaXR5IjogInNoYTUxMi0waEpVOVNDUHZtTXpJQmRaRnFOUFhXYTZkcWg3V2RIMGNJSTl5K0N5UzhyrzNuTDQ4QmNscmE5SG1LaFZWVVh5UFdOSDVZN3hEd0FCN2ZnU2prVU1RPT0iLAogICAgICAibGljZW5zZSI6ICJNSVQiLAogICAgICAiZGVwZW5kZW5jaWVzIjogewogICAgICAgICJmdW5jdGlvbi1iaW5kIjogIl4xLjEuMiIKICAgICAgfSwKICAgICAgImVuZ2luZXMiOiB7CiAgICAgICAgIm5vZGUiOiAiPj0gMC40IgogICAgICB9CiAgICB9LAogICAgIm5vZGVfbW9kdWxlcy9odHRwLWVycm9ycyI6IHsKICAgICAgInZlcnNpb24iOiAiMi4wLjAiLAogICAgICAicmVzb2x2ZWQiOiAiaHR0cHM6Ly9yZWdpc3RyeS5ucG1qcy5vcmcvaHR0cC1lcnJvcnMvLS9odHRwLWVycm9ycy0yLjAuMC50Z3oiLAogICAgICAiaW50ZWdyaXR5IjogInNoYTUxMi1GdHdyRy9ldUJ6YUVqWWVScU9nbHk3RzBxdmlpWnhvSldudkVIWjJwbEJkWGdieWp2MzRwSFRTYjl6b2VIZnlEeTMzK0RXeVd0OVdvK1VSc09ZU1E9PSIsCiAgICAgICJsaWNlbnNlIjogIk1JVCIsCiAgICAgICJkZXBlbmRlbmNpZXMiOiB7CiAgICAgICAgImRlcGQiOiAiMi4wLjAiLAogICAgICAgICJpbmhlcml0cyI6ICIyLjAuNCIsCiAgICAgICAgInNldHByb3RvdHlwZW9mIjogIjEuMi4wIiwKICAgICAgICAic3RhdHVzZXMiOiAiMi4wLjEiLAogICAgICAgICJ0b2lkZW50aWZpZXIiOiAiMS4wLjEiCiAgICAgIH0sCiAgICAgICJlbmdpbmVzIjogewogICAgICAgICJub2RlIjogIj49IDAuOCIKICAgICAgfQogICAgfSwKICAgICJub2RlX21vZHVsZXMvaHR0cC1lcnJvcnMvbm9kZV9tb2R1bGVzL3N0YXR1c2VzIjogewogICAgICAidmVyc2lvbiI6ICIyLjAuMSIsCiAgICAgICJyZXNvbHZlZCI6ICJodHRwczovL3JlZ2lzdHJ5Lm5wbWpzLm9yZy9zdGF0dXNlcy8tL3N0YXR1c2VzLTIuMC4xLnRneiIsCiAgICAgICJpbnRlZ3JpdHkiOiAic2hhNTEyLVJ3TkE5Wi83UHIrMDZyWUxJekZNbGFGK2w3M2l3cHpzcVJJRmdiTUxiVGNMRDZjT2FvODJUYVdlZlBYUWJCMmZPQzRBanlTRW5kUzdOL21UQ2JrZFE9PSIsCiAgICAgICJsaWNlbnNlIjogIk1JVCIsCiAgICAgICJlbmdpbmVzIjogewogICAgICAgICJub2RlIjogIj49IDAuOCIKICAgICAgfQogICAgfSwKICAgICJub2RlX21vZHVsZXMvaWNvbnYtbGl0ZSI6IHsKICAgICAgInZlcnNpb24iOiAiMC42LjMiLAogICAgICAicmVzb2x2ZWQiOiAiaHR0cHM6Ly9yZWdpc3RyeS5ucG1qcy5vcmcvaWNvbnYtbGl0ZS8tL2ljb252LWxpdGUtMC42LjMudGd6IiwKICAgICAgImludGVncml0eSI6ICJzaGE1MTItNGZDayc5d3NoTWR6TXAyckgwNnFXckpFNGlvbHFMaENVSCtPaXVJZ1UrK1JCMDArOTRObERMOGF0TzdHWDc1dVVrdWVvMHR4SE50dkV5STZEN1dkTXc9PSIsCiAgICAgICJsaWNlbnNlIjogIk1JVCIsCiAgICAgICJkZXBlbmRlbmNpZXMiOiB7CiAgICAgICAgInNhZmVyLWJ1ZmZlciI6ICI+PSAyLjEuMiA8IDMuMC4wIgogICAgICB9LAogICAgICAiZW5naW5lcyI6IHsKICAgICAgICAibm9kZSI6ICI+PTAuMTAuMCIKICAgICAgfQogICAgfSwKICAgICJub2RlX21vZHVsZXMvaW5oZXJpdHMiOiB7CiAgICAgICJ2ZXJzaW9uIjogIjIuMC40IiwKICAgICAgInJlc29sdmVkIjogImh0dHBzOi8vcmVnaXN0cnkubnBtanMub3JnL2luaGVyaXRzLy0vaW5oZXJpdHMtMi4wLjQudGd6IiwKICAgICAgImludGVncml0eSI6ICJzaGE1MTItay92R2FYNC9ZbGEzV3p5TUN2VFFPWFljSUh2cU9LdG5xQmR1elRIcHpwelF6ekFza0tNaFoySytFbklTTTl6R1NvSUZlTXBYS3hhNGRZZVpJUWpld1E9PSIsCiAgICAgICJsaWNlbnNlIjogIklTQyIsCiAgICAgICJkZXBlbmRlbmNpZXMiOiB7fQogICAgfSwKICAgICJub2RlX21vZHVsZXMvaXBhZGRyLmpzIjogewogICAgICAidmVyc2lvbiI6ICIxLjkuMSIsCiAgICAgICJyZXNvbHZlZCI6ICJodHRwczovL3JlZ2lzdHJ5Lm5wbWpzLm9yZy9pcGFkZHIuanMvLS9pcGFkZHIuanMtMS45LjEudGd6IiwKICAgICAgImludGVncml0eSI6ICJzaGE1MTItMEtJLzYwN3hveFNUb0g3R2pOMUZmU2JMb1UwK2J0VGljanNRU1dRaGgvaFp5a044S3BtTWY3dVl3UFczUithayY2Ui93MThaTFhTSEJZWGlZVVBPMyg9PSIsCiAgICAgICJsaWNlbnNlIjogIk1JVCIsCiAgICAgICJlbmdpbmVzIjogewogICAgICAgICJub2RlIjogIj49IDAuMTAiCiAgICAgIH0KICAgIH0sCiAgICAibm9kZV9tb2R1bGVzL2lzLXByb21pc2UiOiB7CiAgICAgICJ2ZXJzaW9uIjogIjQuMC4wIiwKICAgICAgInJlc29sdmVkIjogImh0dHBzOi8vcmVnaXN0cnkubnBtanMub3JnL2lzLXByb21pc2UvLS9pcy1wcm9taXNlLTQuMC4wLnRneiIsCiAgICAgICJpbnRlZ3JpdHkiOiAic2hhNTEyLWh2cG9JNmtvcmhKTW5lajI4NWRTZzZudTErZTZ1eHM3ekczQllBbTVieXFEc2dKTld3eHpNNno2aVppQWdRUjRUSjMwSm1CVE93cVpVdzNXbHlIM0FRIiwKICAgICAgImxpY2Vuc2UiOiAiTUlUIiwKICAgICAgImRlcGVuZGVuY2llcyI6IHt9CiAgICB9LAogICAgIm5vZGVfbW9kdWxlcy9tYXRoLWludHJpbnNpY3MiOiB7CiAgICAgICJ2ZXJzaW9uIjogIjEuMS4wIiwKICAgICAgInJlc29sdmVkIjogImh0dHBzOi8vcmVnaXN0cnkubnBtanMub3JnL21hdGgtaW50cmluc2ljcy8tL21hdGgtaW50cmluc2ljcy0xLjEuMC50Z3oiLAogICAgICAiaW50ZWdyaXR5IjogInNoYTUxMi0vSVh0YndFazVIVFB5RXd5S1g2aEdrWVh4TTluYmo2NEIraWxWSm5DL1I2QjBwSDVHNFIzYjBwVmJMN0RCajR0a2hCQXBwYlFMZjZGNlhsbkxIdTFnPT0iLAogICAgICAibGljZW5zZSI6ICJNSVQiLAogICAgICAiZW5naW5lcyI6IHsKICAgICAgICAibm9kZSI6ICI+PSAwLjQiCiAgICAgIH0KICAgIH0sCiAgICAibm9kZV9tb2R1bGVzL21lZGlhLXR5cGVyIjogewogICAgICAidmVyc2lvbiI6ICIxLjEuMCIsCiAgICAgICJyZXNvbHZlZCI6ICJodHRwczovL3JlZ2lzdHJ5Lm5wbWpzLm9yZy9tZWRpYS10eXBlci8tL21lZGlhLXR5cGVyLTEuMS4wLnRneiIsCiAgICAgICJpbnRlZ3JpdHkiOiAic2hhNTEyLWFpc25yRFA0R05lMDZVY0tGblY1YmZNTlBCVXc0anNMR2FXd1duSDN2MDJHbkJ1WFgyTUNWbjVSYnJXbzBqM3BjelVpbFlsYXE3ZlE3TncydDVYS3c9PSIsCiAgICAgICJsaWNlbnNlIjogIk1JVCIsCiAgICAgICJlbmdpbmVzIjogewogICAgICAgICJub2RlIjogIj49IDAuOCIKICAgICAgfQogICAgfSwKICAgICJub2RlX21vZHVsZXMvbWVyZ2UtZGVzY3JpcHRvcnMiOiB7CiAgICAgICJ2ZXJzaW9uIjogIjIuMC4wIiwKICAgICAgInJlc29sdmVkIjogImh0dHBzOi8vcmVnaXN0cnkubnBtanMub3JnL21lcmdlLWRlc2NyaXB0b3JzLy0vbWVyZ2UtZGVzY3JpcHRvcnMtMi4wLjAudGd6IiwKICAgICAgImludGVncml0eSI6ICJzaGE1MTItU25rMzE0VjVheUZMaHAzZmtVUkV1YjZXdGpCZlBkQ1BZMUx4OC84bXVudUx1aVloc0FCZ1ZXc296QUcrTVdNYlZFdmNkcGJpOVJad3cybDlrUTNnPT0iLAogICAgICAibGljZW5zZSI6ICJNSVQiLAogICAgICAiZW5naW5lcyI6IHsKICAgICAgICAibm9kZSI6ICI+PTE4IgogICAgICB9LAogICAgICAiZnVuZGluZyI6IHsKICAgICAgICAidXJsIjogImh0dHBzOi8vZ2l0aHViLmNvbS9zcG9uc29ycy9zaW5kcmVzb3JodXMiCiAgICAgIH0KICAgIH0sCiAgICAibm9kZV9tb2R1bGVzL21pbWUtZGIiOiB7CiAgICAgICJ2ZXJzaW9uIjogIjEuNTQuMCIsCiAgICAgICJyZXNvbHZlZCI6ICJodHRwczovL3JlZ2lzdHJ5Lm5wbWpzLm9yZy9taW1lLWRiLy0vbWltZS1kYi0xLjU0LjAudGd6IiwKICAgICAgImludGVncml0eSI6ICJzaGE1MTItYVU1RUp1SU4yV0RlbUNjQXAydkZCZmEvbTRFQWhXSm5VTlNTdzBpeHM3L2tYYmQ2UGc2NEVtd0prTmRGaEI4YVd0MXNIMkNUWHJMeG8vaUFHVjNvUFE9PSIsCiAgICAgICJsaWNlbnNlIjogIk1JVCIsCiAgICAgICJlbmdpbmVzIjogewogICAgICAgICJub2RlIjogIj49IDAuNiIKICAgICAgfQogICAgfSwKICAgICJub2RlX21vZHVsZXMvbWltZS10eXBlcyI6IHsKICAgICAgInZlcnNpb24iOiAiMy4wLjEiLAogICAgICAicmVzb2x2ZWQiOiAiaHR0cHM6Ly9yZWdpc3RyeS5ucG1qcy5vcmcvbWltZS10eXBlcy8tL21pbWUtdHlwZXMtMy4wLjEudGd6IiwKICAgICAgImludGVncml0eSI6ICJzaGE1MTIteFJjNG9FaFR2ZWFCcFUxWEY3QWpwT0ZEK3FtWE5CNU9WS3dwNHRxQ3VCcEhMUy9aYkRSYzA3bVlURHFWTWc2UGZ4VWpqTnA4NU82Q2QyWi81SFdBPPT0IiwKICAgICAgImxpY2Vuc2UiOiAiTUlUIiwKICAgICAgImRlcGVuZGVuY2llcyI6IHsKICAgICAgICAibWltZS1kYiI6ICJeMS41NC4wIgogICAgICB9LAogICAgICAiZW5naW5lcyI6IHsKICAgICAgICAibm9kZSI6ICI+PSAwLjYiCiAgICAgIH0KICAgIH0sCiAgICAibm9kZV9tb2R1bGVzL21zIjogewogICAgICAidmVyc2lvbiI6ICIyLjEuMyIsCiAgICAgICJyZXNvbHZlZCI6ICJodHRwczovL3JlZ2lzdHJ5Lm5wbWpzLm9yZy9tcy8tL21zLTIuMS4zLnRneiIsCiAgICAgICJpbnRlZ3JpdHkiOiAic2hhNTEyLTZGbHl1YlRMWkczSjJhL05WQ0FsZUVianpxNW94R0h5YUNVOXlYVmNMc3ZvVmFISnEvczV4WEk2L1hYUDZ0ejdSOXhBT3RIblNPL3RYdEYzV1JUbEE9PSIsCiAgICAgICJsaWNlbnNlIjogIk1JVCIsCiAgICAgICJkZXBlbmRlbmNpZXMiOiB7fQogICAgfSwKICAgICJub2RlX21vZHVsZXMvbmVnb3RpYXRvciI6IHsKICAgICAgInZlcnNpb24iOiAiMS4wLjAiLAogICAgICAicmVzb2x2ZWQiOiAiaHR0cHM6Ly9yZWdpc3RyeS5ucG1qcy5vcmcvbmVnb3RpYXRvci8tL25lZ290aWF0b3ItMS4wLjAudGd6IiwKICAgICAgImludGVncml0eSI6ICJzaGE1MTItOE9mcy9BVVNoOE1hRWNybHE1eE9YMENROXlwVEY1ZGw3OG1qbE1OZk9LMDhmenBnVEhRUllQQnhjUGxFdEl3MHlScHdzK1pvLzNyKzVXUmJ5N3UzR2c9PSIsCiAgICAgICJsaWNlbnNlIjogIk1JVCIsCiAgICAgICJlbmdpbmVzIjogewogICAgICAgICJub2RlIjogIj49IDAuNiIKICAgICAgfQogICAgfSwKICAgICJub2RlX21vZHVsZXMvb2JqZWN0LWluc3BlY3QiOiB7CiAgICAgICJ2ZXJzaW9uIjogIjEuMTMuNCIsCiAgICAgICJyZXNvbHZlZCI6ICJodHRwczovL3JlZ2lzdHJ5Lm5wbWpzLm9yZy9vYmplY3QtaW5zcGVjdC8tL29iamVjdC1pbnNwZWN0LTEuMTMuNC50Z3oiLAogICAgICAiaW50ZWdyaXR5IjogInNoYTUxMi1XNjdpTGw0SjJFWEdUYmZlSENmZnJqRGZpdHZMQW5nMFVsWDN3RlVVU1R4OTJLWFNlZ01IVVZnU3FFK3d2aEFiaTRXUWpHZzljennTVjJFcGJldz09IiwKICAgICAgImxpY2Vuc2UiOiAiTUlUIiwKICAgICAgImVuZ2luZXMiOiB7CiAgICAgICAgIm5vZGUiOiAiPj0gMC40IgogICAgICB9LAogICAgICAiZnVuZGluZyI6IHsKICAgICAgICAidXJsIjogImh0dHBzOi8vZ2l0aHViLmNvbS9zcG9uc29ycy9samhhcmIiCiAgICAgIH0KICAgIH0sCiAgICAibm9kZV9tb2R1bGVzL29uLWZpbmlzaGVkIjogewogICAgICAidmVyc2lvbiI6ICIyLjQuMSIsCiAgICAgICJyZXNvbHZlZCI6ICJodHRwczovL3JlZ2lzdHJ5Lm5wbWpzLm9yZy9vbi1maW5pc2hlZC8tL29uLWZpbmlzaGVkLTIuNC4xLnRneiIsCiAgICAgICJpbnRlZ3JpdHkiOiAic2hhNTEyLW9WbHprZzNOQWhDazJ6ZHY3SUp3ZC9RVUQ0ejJSeFJ3cGtjR1k4cHNjVmNDWVpOcTR3WW5WV0FMS00rYnJ0dUpqZVBXaVlGL0NsbXVEcjhDaDUra2c9PSIsCiAgICAgICJsaWNlbnNlIjogIk1JVCIsCiAgICAgICJkZXBlbmRlbmNpZXMiOiB7CiAgICAgICAgImVlLWZpcnN0IjogIjEuMS4xIgogICAgICB9LAogICAgICAiZW5naW5lcyI6IHsKICAgICAgICAibm9kZSI6ICI+PSAwLjgiCiAgICAgIH0KICAgIH0sCiAgICAibm9kZV9tb2R1bGVzL29uY2UiOiB7CiAgICAgICJ2ZXJzaW9uIjogIjEuNC4wIiwKICAgICAgInJlc29sdmVkIjogImh0dHBzOi8vcmVnaXN0cnkubnBtanMub3JnL29uY2UvLS9vbmNlLTEuNC4wLnRneiIsCiAgICAgICJpbnRlZ3JpdHkiOiAic2hhNTEyLWxOYUpnSSsyUTVVUlFCa2NjRUtIVFFPUGFYZFV4blpaRWxRVFpZME1GUUF1YUVxZTFHK055dmdkei9hSXlOaTZaOU16TzV2MUg4bjU4L0dFTHAzK3c9PSIsCiAgICAgICJsaWNlbnNlIjogIklTQyIsCiAgICAgICJkZXBlbmRlbmNpZXMiOiB7CiAgICAgICAgIndyYXBweSI6ICIxIgogICAgICB9CiAgICB9LAogICAgIm5vZGVfbW9kdWxlcy9wYXJzZXVybCI6IHsKICAgICAgInZlcnNpb24iOiAiMS4zLjMiLAogICAgICAicmVzb2x2ZWQiOiAiaHR0cHM6Ly9yZWdpc3RyeS5ucG1qcy5vcmcvcGFyc2V1cmwvLS9wYXJzZXVybC0xLjMuMy50Z3oiLAogICAgICAiaW50ZWdyaXR5IjogInNoYTUxMi1DaXllT3hGVC9KWnlONW0wejlQZlh3NFNDQko2U3lnejFEcGwwd3FqbGhERUdCUDFHbnNVVkVMMHA2M2hvRzFmY2ozZkh5blhpOU5ZTzRuV09MK3FRPT0iLAogICAgICAibGljZW5zZSI6ICJNSVQiLAogICAgICAiZW5naW5lcyI6IHsKICAgICAgICAibm9kZSI6ICI+PSAwLjgiCiAgICAgIH0KICAgIH0sCiAgICAibm9kZV9tb2R1bGVzL3BhdGgtdG8tcmVnZXhwIjogewogICAgICAidmVyc2lvbiI6ICI4LjMuMCIsCiAgICAgICJyZXNvbHZlZCI6ICJodHRwczovL3JlZ2lzdHJ5Lm5wbWpzLm9yZy9wYXRoLXRvLXJlZ2V4cC8tL3BhdGgtdG8tcmVnZXhwLTguMy4wLnRneiIsCiAgICAgICJpbnRlZ3JpdHkiOiAic2hhNTEyLTdqZHdWSVJ0c1A4TVlwZFhTd09TMFlkRDBEdStxT29GL0FFUEl0ODhQY0NGclpDeng0MW94a3UxakQ4OGhaQndiTlVJRfpwdnVoakZhTUFxTVRXbkE9PSIsCiAgICAgICJsaWNlbnNlIjogIk1JVCIsCiAgICAgICJmdW5kaW5nIjogewogICAgICAgICJ0eXBlIjogIm9wZW5jb2xsZWN0aXZlIiwKICAgICAgICAidXJsIjogImh0dHBzOi8vb3BlbmNvbGxlY3RpdmUuY29tL2V4cHJlc3MiCiAgICAgIH0KICAgIH0sCiAgICAibm9kZV9tb2R1bGVzL3Byb3h5LWFkZHIiOiB7CiAgICAgICJ2ZXJzaW9uIjogIjIuMC43IiwKICAgICAgInJlc29sdmVkIjogImh0dHBzOi8vcmVnaXN0cnkubnBtanMub3JnL3Byb3h5LWFkZHIvLS9wcm94eS1hZGRyLTIuMC43LnRneiIsCiAgICAgICJpbnRlZ3JpdHkiOiAic2hhNTEyLWxsUXNNTFNVRFVQNDRqZHJVL08zN3FsbmZpdERQK1p3cm1tWmNvU0t5TEt2dFp4cHlWMG4yL2JEL040dEJBQVovZ0pFZFpVN0tNcmFvSzErWFlnPT0iLAogICAgICAibGljZW5zZSI6ICJNSVQiLAogICAgICAiZGVwZW5kZW5jaWVzIjogewogICAgICAgICJmb3J3YXJkZWQiOiAiMC4yLjAiLAogICAgICAgICJpcGFkZHIuanMiOiAiMS45LjEiCiAgICAgIH0sCiAgICAgICJlbmdpbmVzIjogewogICAgICAgICJub2RlIjogIj49IDAuMTAiCiAgICAgIH0KICAgIH0sCiAgICAibm9kZV9tb2R1bGVzL3FzIjogewogICAgICAidmVyc2lvbiI6ICI2LjE0LjAiLAogICAgICAicmVzb2x2ZWQiOiAiaHR0cHM6Ly9yZWdpc3RyeS5ucG1qcy5vcmcvcXMvLS9xcy02LjE0LjAudGd6IiwKICAgICAgImludGVncml0eSI6ICJzaGE1MTItWVdXVGpnQUJTS2N2cy9uV0JpOVB5Y1kvSmlQSnFPRDRKQTZvOVNlajJBdHZTR2FyWHhLQzNPUVNBNHBBYXJkZFFsS0FoNUQ0RkNRa0pOa1crR0FuM3c9PSIsCiAgICAgICJsaWNlbnNlIjogIkJTRC0zLUNsYXVzZSIsCiAgICAgICJkZXBlbmRlbmNpZXMiOiB7CiAgICAgICAgInNpZGUtY2hhbm5lbCI6ICJeMS4xLjAiCiAgICAgIH0sCiAgICAgICJlbmdpbmVzIjogewogICAgICAgICJub2RlIjogIj49MC42IgogICAgICB9LAogICAgICAiZnVuZGluZyI6IHsKICAgICAgICAidXJsIjogImh0dHBzOi8vZ2l0aHViLmNvbS9zcG9uc29ycy9samhhcmIiCiAgICAgIH0KICAgIH0sCiAgICAibm9kZV9tb2R1bGVzL3JhbmdlLXBhcnNlciI6IHsKICAgICAgInZlcnNpb24iOiAiMS4yLjEiLAogICAgICAicmVzb2x2ZWQiOiAiaHR0cHM6Ly9yZWdpc3RyeS5ucG1qcy5vcmcvcmFuZ2UtcGFyc2VyLy0vcmFuZ2UtcGFyc2VyLTEuMi4xLnRneiIsCiAgICAgICJpbnRlZ3JpdHkiOiAic2hhNTEyLUhyZ3N4K29ycW95Z25taEZiS2FIRTZjMjk2SjtIVEFRWG94RUY2Z051cFJPbW1KSG95emZHM2NjQXZlY0Jyd3IvMnl4UTVCVmQvR1RsNWFnT3dTZyj0PSIsCiAgICAgICJsaWNlbnNlIjogIk1JVCIsCiAgICAgICJlbmdpbmVzIjogewogICAgICAgICJub2RlIjogIj49IDAuNiIKICAgICAgfQogICAgfSwKICAgICJub2RlX21vZHVsZXMvcmF3LWJvZHkiOiB7CiAgICAgICJ2ZXJzaW9uIjogIjMuMC4xIiwKICAgICAgInJlc29sdmVkIjogImh0dHBzOi8vcmVnaXN0cnkubnBtanMub3JnL3Jhdy1ib2R5Ly0vcmF3LWJvZHktMy4wLjEudGd6IiwKICAgICAgImludGVncml0eSI6ICJzaGE1MTItOUc4Y0ErdHVNUzc1KzZHL1R6VzhPdEx6bUJETW84cDFKUnhONVFaK0xBcDh1eEdBOFY4R1ptNEtRNC9ONVFOUWVuTG1nNlNTN3d5dVNtYktlcGlLcUE9PSIsCiAgICAgICJsaWNlbnNlIjogIk1JVCIsCiAgICAgICJkZXBlbmRlbmNpZXMiOiB7CiAgICAgICAgImJ5dGVzIjogIjMuMS4yIiwKICAgICAgICAiaHR0cC1lcnJvcnMiOiAiMi4wLjAiLAogICAgICAgICJpY29udi1saXRlIjogIjAuNy4wIiwKICAgICAgICAidW5waXBlIjogIjEuMC4wIgogICAgICB9LAogICAgICAiZW5naW5lcyI6IHsKICAgICAgICAibm9kZSI6ICI+PSAwLjEwIgogICAgICB9CiAgICB9LAogICAgIm5vZGVfbW9kdWxlcy9yYXctYm9keS9ub2RlX21vZHVsZXMvaWNvbnYtbGl0ZSI6IHsKICAgICAgInZlcnNpb24iOiAiMC43LjAiLAogICAgICAicmVzb2x2ZWQiOiAiaHR0cHM6Ly9yZWdpc3RyeS5ucG1qcy5vcmcvaWNvbnYtbGl0ZS8tL2ljb252LWxpdGUtMC43LjAudGd6IiwKICAgICAgImludGVncml0eSI6ICJzaGE1MTItY2Y2TDJEczNoNTdWVm1rWmUrUG4rNUFQc1Q3RnBxSnRFamhpaURDdnJFMk1LNVFrOU15ZmZnUXl1eFFUbTZCQ2hmZVpOdGNPT0hwOUljV1JWY0ljQlE9PSIsCiAgICAgICJsaWNlbnNlIjogIk1JVCIsCiAgICAgICJkZXBlbmRlbmNpZXMiOiB7CiAgICAgICAgInNhZmVyLWJ1ZmZlciI6ICI+PSAyLjEuMiA8IDMuMC4wIgogICAgICB9LAogICAgICAiZW5naW5lcyI6IHsKICAgICAgICAibm9kZSI6ICI+PTAuMTAuMCIKICAgICAgfSwKICAgICAgImZ1bmRpbmciOiB7CiAgICAgICAgInR5cGUiOiAib3BlbmNvbGxlY3RpdmUiLAogICAgICAgICJ1cmwiOiAiaHR0cHM6Ly9vcGVuY29sbGVjdGl2ZS5jb20vZXhwcmVzcyIKICAgICAgfQogICAgfSwKICAgICJub2RlX21vZHVsZXMvcm91dGVyIjogewogICAgICAidmVyc2lvbiI6ICIyLjIuMCIsCiAgICAgICJyZXNvbHZlZCI6ICJodHRwczovL3JlZ2lzdHJ5Lm5wbWpzLm9yZy9yb3V0ZXIvLS9yb3V0ZXItMi4yLjAudGd6IiwKICAgICAgImludGVncml0eSI6ICJzaGE1MTItbkxUclVLbTJVeWlMN3JsaGFwdS9abDQ1RndOZ2taR2FDcFpiSUhhakRZZ3dsSmNPekxTay9jSVBBbnNFcVZkNTpHaklMSm5LYmRRQzFuVlB6K2dBWVE9PSIsCiAgICAgICJsaWNlbnNlIjogIk1JVCIsCiAgICAgICJkZXBlbmRlbmNpZXMiOiB7CiAgICAgICAgImRlYnVnIjogIl40LjQuMCIsCiAgICAgICAgImRlcGQiOiAiXjIuMC4wIiwKICAgICAgICAiaXMtcHJvbWlzZSI6ICJeNC4wLjAiLAogICAgICAgICJwYXJzZXVybCI6ICJeMS4zLjMiLAogICAgICAgICJwYXRoLXRvLXJlZ2V4cCI6ICJeOC4wLjAiCiAgICAgIH0sCiAgICAgICJlbmdpbmVzIjogewogICAgICAgICJub2RlIjogIj49IDE4IgogICAgICB9CiAgICB9LAogICAgIm5vZGVfbW9kdWxlcy9zYWZlLWJ1ZmZlciI6IHsKICAgICAgInZlcnNpb24iOiAiNS4yLjEiLAogICAgICAicmVzb2x2ZWQiOiAiaHR0cHM6Ly9yZWdpc3RyeS5ucG1qcy5vcmcvc2FmZS1idWZmZXIvLS9zYWZlLWJ1ZmZlci01LjIuMS50Z3oiLAogICAgICAiaW50ZWdyaXR5IjogInNoYTUxMi1ycDNtbzA3S2NkbW1LYkd2Z2FOeFFTUnI3YkdWU1ZrNVM5RXExRnBwYlJvNzArWWVhRHhrdzVEZDhOUE4rR0Q2YmpuWW0yVnVQQ1htcHVZdm1DWFE9PSIsCiAgICAgICJmdW5kaW5nIjogWwogICAgICAgIHsKICAgICAgICAgICJ0eXBlIjogImdpdGh1YiIsCiAgICAgICAgICAidXJsIjogImh0dHBzOi8vZ2l0aHViLmNvbS9zcG9uc29ycy9mZXJvc3MiCiAgICAgICAgfSwKICAgICAgICB7CiAgICAgICAgICAidHlwZSI6ICJwYXRyZW9uIiwKICAgICAgICAgICJ1cmwiOiAiaHR0cHM6Ly93d3cucGF0cmVvbi5jb20vZmVyb3NzIgogICAgICAgIH0sCiAgICAgICAgewogICAgICAgICAgInR5cGUiOiAiY29uc3VsdGluZyIsCiAgICAgICAgICAidXJsIjogImh0dHBzOi8vZmVyb3NzLm9yZy9zdXBwb3J0IgogICAgICAgIH0KICAgICAgXSwKICAgICAgImxpY2Vuc2UiOiAiTUlUIiwKICAgICAgImRlcGVuZGVuY2llcyI6IHt9CiAgICB9LAogICAgIm5vZGVfbW9kdWxlcy9zYWZlci1idWZmZXIiOiB7CiAgICAgICJ2ZXJzaW9uIjogIjIuMS4yIiwKICAgICAgInJlc29sdmVkIjogImh0dHBzOi8vcmVnaXN0cnkubnBtanMub3JnL3NhZmVyLWJ1ZmZlci8tL3NhZmVyLWJ1ZmZlci0yLjEuMi50Z3oiLAogICAgICAiaW50ZWdyaXR5IjogInNoYTUxMi1ZWlpvM0s4MlNEN1JpeWkwRTFFUVBvakx6N2twZXBuU1FJOXlQYkhIZzFYWFhldmI1ZEpJN3RweU4yQUR4R2NRYkhHN3ZjeVJIazBjYndxY1FyaVV0Zz09IiwKICAgICAgImxpY2Vuc2UiOiAiTUlUIiwKICAgICAgImRlcGVuZGVuY2llcyI6IHt9CiAgICB9LAogICAgIm5vZGVfbW9kdWxlcy9zZW5kIjogewogICAgICAidmVyc2lvbiI6ICIxLjIuMCIsCiAgICAgICJyZXNvbHZlZCI6ICJodHRwczovL3JlZ2lzdHJ5Lm5wbWpzLm9yZy9zZW5kLy0vc2VuZC0xLjIuMC50Z3oiLAogICAgICAiaW50ZWdyaXR5IjogInNoYTUxMi11YVcwV3dYS3BMOWJsWEUybzBiUmhvTDJFR1hJclp4UTJaUTRtZ2Nmb0J4ZEZtUW9sZCtxV3NEMmpMcmZaMHRyaktMNnZPdzAqLy9lQXdjQUxGaktTdz09IiwKICAgICAgImxpY2Vuc2UiOiAiTUlUIiwKICAgICAgImRlcGVuZGVuY2llcyI6IHsKICAgICAgICAiZGVidWciOiAiXjQuMy41IiwKICAgICAgICAiZW5jb2RldXJsIjogIl4yLjAuMCIsCiAgICAgICAgImVzY2FwZS1odG1sIjogIl4xLjAuMyIsCiAgICAgICAgImV0YWciOiAiXjEuOC4xIiwKICAgICAgICAiZnJlc2giOiAiXjIuMC4wIiwKICAgICAgICAiaHR0cC1lcnJvcnMiOiAiXjIuMC4wIiwKICAgICAgICAibWltZS10eXBlcyI6ICJeMy4wLjEiLAogICAgICAgICJtcyI6ICJeMi4xLjMiLAogICAgICAgICJvbi1maW5pc2hlZCI6ICJeMi40LjEiLAogICAgICAgICJyYW5nZS1wYXJzZXIiOiAiXjEuMi4xIiwKICAgICAgICAic3RhdHVzZXMiOiAiXjIuMC4xIgogICAgICB9LAogICAgICAiZW5naW5lcyI6IHsKICAgICAgICAibm9kZSI6ICI+PSAxOCIKICAgICAgfQogICAgfSwKICAgICJub2RlX21vZHVsZXMvc2VydmUtc3RhdGljIjogewogICAgICAidmVyc2lvbiI6ICIyLjIuMCIsCiAgICAgICJyZXNvbHZlZCI6ICJodHRwczovL3JlZ2lzdHJ5Lm5wbWpzLm9yZy9zZXJ2ZS1zdGF0aWMvLS9zZXJ2ZS1zdGF0aWMtMi4yLjAudGd6IiwKICAgICAgImludGVncml0eSI6ICJzaGE1MTItNjFnOXBDaDBWbmg3SXV0Wmp0TEdHcFRBMzU1K09QbjpUeUR2LzZpdlAyaC9BZEFWWDlhenNveG1nMk0vNk5aZVF6TllCRXdJY3NuZTFtSmQ5b1FJdFE9PSIsCiAgICAgICJsaWNlbnNlIjogIk1JVCIsCiAgICAgICJkZXBlbmRlbmNpZXMiOiB7CiAgICAgICAgImVuY29kZXVybCI6ICJeMi4wLjAiLAogICAgICAgICJlc2NhcGUtaHRtbCI6ICJeMS4wLjMiLAogICAgICAgICJwYXJzZXVybCI6ICJeMS4zLjMiLAogICAgICAgICJzZW5kIjogIl4xLjIuMCIKICAgICAgfSwKICAgICAgImVuZ2luZXMiOiB7CiAgICAgICAgIm5vZGUiOiAiPj0gMTgiCiAgICAgIH0KICAgIH0sCiAgICAibm9kZV9tb2R1bGVzL3NldHByb3RvdHlwZW9mIjogewogICAgICAidmVyc2lvbiI6ICIxLjIuMCIsCiAgICAgICJyZXNvbHZlZCI6ICJodHRwczovL3JlZ2lzdHJ5Lm5wbWpzLm9yZy9zZXRwcm90b3R5cGVvZi8tL3NldHByb3RvdHlwZW9mLTEuMi4wLnRneiIsCiAgICAgICJpbnRlZ3JpdHkiOiAic2hhNTEyLUU1TERYN1dycDg1S2lsNWJoWnY0Nmo4ak9lYm9LcTVKTW1ZTTNnVkdkR0g4eEZwUFdYVU1zTnJsT0RDcmtveE1FZU5pL1haSXd1UnZZNEhOd1lNSnB3PT0iLAogICAgICAibGljZW5zZSI6ICJJU0MiLAogICAgICAiZGVwZW5kZW5jaWVzIjoge30KICAgIH0sCiAgICAibm9kZV9tb2R1bGVzL3NpZGUtY2hhbm5lbCI6IHsKICAgICAgInZlcnNpb24iOiAiMS4xLjAiLAogICAgICAicmVzb2x2ZWQiOiAiaHR0cHM6Ly9yZWdpc3RyeS5ucG1qcy5vcmcvc2lkZS1jaGFubmVsLy0vc2lkZS1jaGFubmVsLTEuMS4wLnRneiIsCiAgICAgICJpbnRlZ3JpdHkiOiAic2hhNTEyLVpYOTllNlRSd2VvVVhxUitWQnJsaGRhNTFOaDVNVFF3b3U1dG5VR2J0eU0wZEJnbWhFRHRXR1AveGJLbjZocWZQUkh1alVOd3o1Znkvd2JiaG5wdz09IiwKICAgICAgImxpY2Vuc2UiOiAiTUlUIiwKICAgICAgImRlcGVuZGVuY2llcyI6IHsKICAgICAgICAiZXMtZXJyb3JzIjogIl4xLjMuMCIsCiAgICAgICAgIm9iamVjdC1pbnNwZWN0IjogIl4xLjEzLjMiLAogICAgICAgICJzaWRlLWNoYW5uZWwtbGlzdCI6ICJeMS4wLjAiLAogICAgICAgICJzaWRlLWNoYW5uZWwtbWFwIjogIl4xLjAuMSIsCiAgICAgICAgInNpZGUtY2hhbm5lbC13ZWFrbWFwIjogIl4xLjAuMiIKICAgICAgfSwKICAgICAgImVuZ2luZXMiOiB7CiAgICAgICAgIm5vZGUiOiAiPj0gMC40IgogICAgICB9LAogICAgICAiZnVuZGluZyI6IHsKICAgICAgICAidXJsIjogImh0dHBzOi8vZ2l0aHViLmNvbS9zcG9uc29ycy9samhhcmIiCiAgICAgIH0KICAgIH0sCiAgICAibm9kZV9tb2R1bGVzL3NpZGUtY2hhbm5lbC1saXN0IjogewogICAgICAidmVyc2lvbiI6ICIxLjAuMCIsCiAgICAgICJyZXNvbHZlZCI6ICJodHRwczovL3JlZ2lzdHJ5Lm5wbWpzLm9yZy9zaWRlLWNoYW5uZWwtbGlzdC8tL3NpZGUtY2hhbm5lbC1saXN0LTEuMC4wLnRneiIsCiAgICAgICJpbnRlZ3JpdHkiOiAic2hhNTEyLUZDTGh0UkQvZ25wQ2lDSEVpSkxPd2RtRlArb3pDbURFa2M5eTdOc1l4ZUY0dTdCdHNuMVp1d2d3Skd4SW1JbUhjSkFyTFA0UjB5WDRjMktDck1yVEE9PSIsCiAgICAgICJsaWNlbnNlIjogIk1JVCIsCiAgICAgICJkZXBlbmRlbmNpZXMiOiB7CiAgICAgICAgImVzLWVycm9ycyI6ICJeMS4zLjAiLAogICAgICAgICJvYmplY3QtaW5zcGVjdCI6ICJeMS4xMy4zIgogICAgICB9LAogICAgICAiZW5naW5lcyI6IHsKICAgICAgICAibm9kZSI6ICI+PSAwLjQiCiAgICAgIH0sCiAgICAgICJmdW5kaW5nIjogewogICAgICAgICJ1cmwiOiAiaHR0cHM6Ly9naXRoY29tS9zcG9uc29ycy9samhhcmIiCiAgICAgIH0KICAgIH0sCiAgICAibm9kZV9tb2R1bGVzL3NpZGUtY2hhbm5lbC1tYXAiOiB7CiAgICAgICJ2ZXJzaW9uIjogIjEuMC4xIiwKICAgICAgInJlc29sdmVkIjogImh0dHBzOi8vcmVnaXN0cnkubnBtanMub3JnL3NpZGUtY2hhbm5lbC1tYXAvLS9zaWRlLWNoYW5uZWwtbWFwLTEuMC4xLnRneiIsCiAgICAgICJpbnRlZ3JpdHkiOiAic2hhNTEyLVZDakNOZmdNc2J5M3RUZG8wMm5ianRNL2V3cmE2alBIbXBUaGVua1RZaDhwRzl1Y1ovMVA4U280dTRGR0Jlay9CanBPVnNEQ01vTEEvaXVCS0lGWFJBPPT0IiwKICAgICAgImxpY2Vuc2UiOiAiTUlUIiwKICAgICAgImRlcGVuZGVuY2llcyI6IHsKICAgICAgICAiY2FsbC1ib3VuZCI6ICJeMS4wLjIiLAogICAgICAgICJlcy1lcnJvcnMiOiAiXjEuMy4wIiwKICAgICAgICAiZ2V0LWludHJpbnNpYyI6ICJeMS4yLjUiLAogICAgICAgICJvYmplY3QtaW5zcGVjdCI6ICJeMS4xMy4zIgogICAgICB9LAogICAgICAiZW5naW5lcyI6IHsKICAgICAgICAibm9kZSI6ICI+PSAwLjQiCiAgICAgIH0sCiAgICAgICJmdW5kaW5nIjogewogICAgICAgICJ1cmwiOiAiaHR0cHM6Ly9naXRoY29tS9zcG9uc29ycy9samhhcmIiCiAgICAgIH0KICAgIH0sCiAgICAibm9kZV9tb2R1bGVzL3NpZGUtY2hhbm5lbC13ZWFrbWFwIjogewogICAgICAidmVyc2lvbiI6ICIxLjAuMiIsCiAgICAgICJyZXNvbHZlZCI6ICJodHRwczovL3JlZ2lzdHJ5Lm5wbWpzLm9yZy9zaWRlLWNoYW5uZWwtd2Vha21hcC8tL3NpZGUtY2hhbm5lbC13ZWFrbWFwLTEuMC4yLnRneiIsCiAgICAgICJpbnRlZ3JpdHkiOiAic2hhNTEyLVdQUy9IdkhRVFluSGlzTG85TWNxQkhPSmsyRmtITy90bHB2bGR5cm5lbTRhZXFwNGhhaTNneXRoc3dnNnAwMW9Tb1RsNThyY3BpRkFqRjJicjJBazJBPPT0IiwKICAgICAgImxpY2Vuc2UiOiAiTUlUIiwKICAgICAgImRlcGVuZGVuY2llcyI6IHsKICAgICAgICAiY2FsbC1ib3VuZCI6ICJeMS4wLjIiLAogICAgICAgICJlcy1lcnJvcnMiOiAiXjEuMy4wIiwKICAgICAgICAiZ2V0LWludHJpbnNpYyI6ICJeMS4yLjUiLAogICAgICAgICJvYmplY3QtaW5zcGVjdCI6ICJeMS4xMy4zIiwKICAgICAgICAic2lkZS1jaGFubmVsLW1hcCI6ICJeMS4wLjEiCiAgICAgIH0sCiAgICAgICJlbmdpbmVzIjogewogICAgICAgICJub2RlIjogIj49IDAuNCIKICAgICAgfSwKICAgICAgImZ1bmRpbmciOiB7CiAgICAgICAgInVybCI6ICJodHRwczovL2dpdGh1Yi5jb20vc3BvbnNvcnMvbGpoYXJiIgogICAgICB9CiAgICB9LAogICAgIm5vZGVfbW9kdWxlcy9zdGF0dXNlcyI6IHsKICAgICAgInZlcnNpb24iOiAiMi4wLjIiLAogICAgICAicmVzb2x2ZWQiOiAiaHR0cHM6Ly9yZWdpc3RyeS5ucG1qcy5vcmcvc3RhdHVzZXMvLS9zdGF0dXNlcy0yLjAuMi50Z3oiLAogICAgICAiaW50ZWdyaXR5IjogInNoYTUxMi1EdkV5NTVWM0RCN3VrblJvKzRpT0dUNWZQMXNsUjh3UW9oVmRrbmlnWlBNcG1TdGFLSlFXaHdpWUJBQ0pFM1VsMnBUbkF0aWhoQlluUmhaUUhHYmlSdz09IiwKICAgICAgImxpY2Vuc2UiOiAiTUlUIiwKICAgICAgImVuZ2luZXMiOiB7CiAgICAgICAgIm5vZGUiOiAiPj0gMC44IgogICAgICB9CiAgICB9LAogICAgIm5vZGVfbW9kdWxlcy90b2lkZW50aWZpZXIiOiB7CiAgICAgICJ2ZXJzaW9uIjogIjEuMC4xIiwKICAgICAgInJlc29sdmVkIjogImh0dHBzOi8vcmVnaXN0cnkubnBtanMub3JnL3RvaWRlbnRpZmllci8tL3RvaWRlbnRpZmllci0xLjAuMS50Z3oiLAogICAgICAiaW50ZWdyaXR5IjogInNoYTUxMi1vNXNTUEtFa2cvRElRTm1INDNWMi91ZXJMcHB6VmVkawVoOHRHVmFlWHBmd2pLZW5sU294LzJPL0JUbFpvdEVlK0pHN3M1WWhFejYwOFBsQUhSQT09IiwKICAgICAgImxpY2Vuc2UiOiAiTUlUIiwKICAgICAgImVuZ2luZXMiOiB7CiAgICAgICAgIm5vZGUiOiAiPj0wLjYiCiAgICAgIH0KICAgIH0sCiAgICAibm9kZV9tb2R1bGVzL3R5cGUtaXMiOiB7CiAgICAgICJ2ZXJzaW9uIjogIjIuMC4xIiwKICAgICAgInJlc29sdmVkIjogImh0dHBzOi8vcmVnaXN0cnkubnBtanMub3JnL3R5cGUtaXMvLS90eXBlLWlzLTIuMC4xLnRneiIsCiAgICAgICJpbnRlZ3JpdHkiOiAic2hhNTEyLU9aczZnc2pGNXZNcDMycXJDYmlWU2tyRm1YdEcvQVpoWTN0MGlBTXJNQmlBWnlWOW9BbHRYTzhoc3JIYk1YRjl4NkwzZ3JsRnV3VzJvQXo3Y2F2K0d3PT0iLAogICAgICAibGljZW5zZSI6ICJNSVQiLAogICAgICAiZGVwZW5kZW5jaWVzIjogewogICAgICAgICJjb250ZW50LXR5cGUiOiAiXjEuMC41IiwKICAgICAgICAibWVkaWEtdHlwZXIiOiAiXjEuMS4wIiwKICAgICAgICAibWltZS10eXBlcyI6ICJeMy4wLjAiCiAgICAgIH0sCiAgICAgICJlbmdpbmVzIjogewogICAgICAgICJub2RlIjogIj49IDAuNiIKICAgICAgfQogICAgfSwKICAgICJub2RlX21vZHVsZXMvdW5waXBlIjogewogICAgICAidmVyc2lvbiI6ICIxLjAuMCIsCiAgICAgICJyZXNvbHZlZCI6ICJodHRwczovL3JlZ2lzdHJ5Lm5wbWpzLm9yZy91bnBpcGUvLS91bnBpcGUtMS4wLjAudGd6IiwKICAgICAgImludGVncml0eSI6ICJzaGE1MTItcGp5MmJZaFNzdWZ3V2xLd1BjK2wzY043K3d1SmxLNnV6MFlkSkVPbFFEYmw2am8vWWxQaTRtYjhhZ1VrVkM4QkY3VjhOdXpleVBOcVJrc0EzaHp0S1E9PSIsCiAgICAgICJsaWNlbnNlIjogIk1JVCIsCiAgICAgICJlbmdpbmVzIjogewogICAgICAgICJub2RlIjogIj49IDAuOCIKICAgICAgfQogICAgfSwKICAgICJub2RlX21vZHVsZXMvdmFyeSI6IHsKICAgICAgInZlcnNpb24iOiAiMS4xLjIiLAogICAgICAicmVzb2x2ZWQiOiAiaHR0cHM6Ly9yZWdpc3RyeS5ucG1qcy5vcmcvdmFyeS8tL3ZhcnktMS4xLjIudGd6IiwKICAgICAgImludGVncml0eSI6ICJzaGE1MTItQk5HYldMZmMwZVVQYWJoa1hVVm0wajh1dXZSRXlUaDVvdlJhL2R5b3cvQnFBYlpKeUMrNWZVK0l6UW96bUFLWnlxWVJBSXNvUmhkUXIzZUl6L1BYcWc9PSIsCiAgICAgICJsaWNlbnNlIjogIk1JVCIsCiAgICAgICJlbmdpbmVzIjogewogICAgICAgICJub2RlIjogIj49IDAuOCIKICAgICAgfQogICAgfSwKICAgICJub2RlX21vZHVsZXMvd3JhcHB5IjogewogICAgICAidmVyc2lvbiI6ICIxLjAuMiIsCiAgICAgICJyZXNvbHZlZCI6ICJodHRwczovL3JlZ2lzdHJ5Lm5wbWpzLm9yZy93cmFwcHkvLS93cmFwcHktMS4wLjIudGd6IiwKICAgICAgImludGVncml0eSI6ICJzaGE1MTItbDRTcE9EU2Vvcjl3TDZFdlYyK1R1UW42M2RNa1BqWi9zcDlYa2doVEViVjlLbFBTWXhVc1ozdTcvSVFPNHd4dGNGQjRiZ3BQUFJjUjNRQ3ZlelBjUT09IiwKICAgICAgImxpY2Vuc2UiOiAiSVNDIiwKICAgICAgImRlcGVuZGVuY2llcyI6IHt9CiAgICB9CiAgfQp9Cg==